// !$*UTF8*$!
{
	archiveVersion = 1;
	classes = {
	};
	objectVersion = 55;
	objects = {

/* Begin PBXBuildFile section */
		326A2934272DA1D70012EE6F /* main.cpp in Sources */ = {isa = PBXBuildFile; fileRef = 326A2933272DA1D70012EE6F /* main.cpp */; };
		326A293D272DD8180012EE6F /* Contact.cpp in Sources */ = {isa = PBXBuildFile; fileRef = 326A293B272DD8180012EE6F /* Contact.cpp */; };
		326DD39527349BCB005D34D4 /* phoneBook.cpp in Sources */ = {isa = PBXBuildFile; fileRef = 326DD39327349BCB005D34D4 /* phoneBook.cpp */; };
/* End PBXBuildFile section */

/* Begin PBXCopyFilesBuildPhase section */
		326A292E272DA1D70012EE6F /* CopyFiles */ = {
			isa = PBXCopyFilesBuildPhase;
			buildActionMask = 2147483647;
			dstPath = /usr/share/man/man1/;
			dstSubfolderSpec = 0;
			files = (
			);
			runOnlyForDeploymentPostprocessing = 1;
		};
/* End PBXCopyFilesBuildPhase section */

/* Begin PBXFileReference section */
		326A2930272DA1D70012EE6F /* adressBook */ = {isa = PBXFileReference; explicitFileType = "compiled.mach-o.executable"; includeInIndex = 0; path = adressBook; sourceTree = BUILT_PRODUCTS_DIR; };
		326A2933272DA1D70012EE6F /* main.cpp */ = {isa = PBXFileReference; lastKnownFileType = sourcecode.cpp.cpp; path = main.cpp; sourceTree = "<group>"; usesTabs = 1; };
		326A293B272DD8180012EE6F /* Contact.cpp */ = {isa = PBXFileReference; lastKnownFileType = sourcecode.cpp.cpp; path = Contact.cpp; sourceTree = "<group>"; };
		326A293C272DD8180012EE6F /* Contact.hpp */ = {isa = PBXFileReference; lastKnownFileType = sourcecode.cpp.h; path = Contact.hpp; sourceTree = "<group>"; };
		326DD39327349BCB005D34D4 /* phoneBook.cpp */ = {isa = PBXFileReference; lastKnownFileType = sourcecode.cpp.cpp; path = phoneBook.cpp; sourceTree = "<group>"; };
		326DD39427349BCB005D34D4 /* phoneBook.hpp */ = {isa = PBXFileReference; lastKnownFileType = sourcecode.cpp.h; path = phoneBook.hpp; sourceTree = "<group>"; };
/* End PBXFileReference section */

/* Begin PBXFrameworksBuildPhase section */
		326A292D272DA1D70012EE6F /* Frameworks */ = {
			isa = PBXFrameworksBuildPhase;
			buildActionMask = 2147483647;
			files = (
			);
			runOnlyForDeploymentPostprocessing = 0;
		};
/* End PBXFrameworksBuildPhase section */

/* Begin PBXGroup section */
		326A2927272DA1D70012EE6F = {
			isa = PBXGroup;
			children = (
				326A2932272DA1D70012EE6F /* adressBook */,
				326A2931272DA1D70012EE6F /* Products */,
			);
			sourceTree = "<group>";
		};
		326A2931272DA1D70012EE6F /* Products */ = {
			isa = PBXGroup;
			children = (
				326A2930272DA1D70012EE6F /* adressBook */,
			);
			name = Products;
			sourceTree = "<group>";
		};
		326A2932272DA1D70012EE6F /* adressBook */ = {
			isa = PBXGroup;
			children = (
				326A2933272DA1D70012EE6F /* main.cpp */,
				326DD39327349BCB005D34D4 /* phoneBook.cpp */,
				326DD39427349BCB005D34D4 /* phoneBook.hpp */,
				326A293B272DD8180012EE6F /* Contact.cpp */,
				326A293C272DD8180012EE6F /* Contact.hpp */,
			);
			path = adressBook;
			sourceTree = "<group>";
		};
/* End PBXGroup section */

/* Begin PBXNativeTarget section */
		326A292F272DA1D70012EE6F /* adressBook */ = {
			isa = PBXNativeTarget;
			buildConfigurationList = 326A2937272DA1D70012EE6F /* Build configuration list for PBXNativeTarget "adressBook" */;
			buildPhases = (
				326A292C272DA1D70012EE6F /* Sources */,
				326A292D272DA1D70012EE6F /* Frameworks */,
				326A292E272DA1D70012EE6F /* CopyFiles */,
			);
			buildRules = (
			);
			dependencies = (
			);
			name = adressBook;
			productName = adressBook;
			productReference = 326A2930272DA1D70012EE6F /* adressBook */;
			productType = "com.apple.product-type.tool";
		};
/* End PBXNativeTarget section */

/* Begin PBXProject section */
		326A2928272DA1D70012EE6F /* Project object */ = {
			isa = PBXProject;
			attributes = {
				BuildIndependentTargetsInParallel = 1;
				LastUpgradeCheck = 1300;
				TargetAttributes = {
					326A292F272DA1D70012EE6F = {
						CreatedOnToolsVersion = 13.0;
					};
				};
			};
			buildConfigurationList = 326A292B272DA1D70012EE6F /* Build configuration list for PBXProject "adressBook" */;
			compatibilityVersion = "Xcode 13.0";
			developmentRegion = en;
			hasScannedForEncodings = 0;
			knownRegions = (
				en,
				Base,
			);
			mainGroup = 326A2927272DA1D70012EE6F;
			productRefGroup = 326A2931272DA1D70012EE6F /* Products */;
			projectDirPath = "";
			projectRoot = "";
			targets = (
				326A292F272DA1D70012EE6F /* adressBook */,
			);
		};
/* End PBXProject section */

/* Begin PBXSourcesBuildPhase section */
		326A292C272DA1D70012EE6F /* Sources */ = {
			isa = PBXSourcesBuildPhase;
			buildActionMask = 2147483647;
			files = (
				326DD39527349BCB005D34D4 /* phoneBook.cpp in Sources */,
				326A2934272DA1D70012EE6F /* main.cpp in Sources */,
				326A293D272DD8180012EE6F /* Contact.cpp in Sources */,
			);
			runOnlyForDeploymentPostprocessing = 0;
		};
/* End PBXSourcesBuildPhase section */

/* Begin XCBuildConfiguration section */
		326A2935272DA1D70012EE6F /* Debug */ = {
			isa = XCBuildConfiguration;
			buildSettings = {
				ALWAYS_SEARCH_USER_PATHS = NO;
				CLANG_ANALYZER_NONNULL = YES;
				CLANG_ANALYZER_NUMBER_OBJECT_CONVERSION = YES_AGGRESSIVE;
				CLANG_CXX_LANGUAGE_STANDARD = "gnu++17";
				CLANG_CXX_LIBRARY = "libc++";
				CLANG_ENABLE_MODULES = YES;
				CLANG_ENABLE_OBJC_ARC = YES;
				CLANG_ENABLE_OBJC_WEAK = YES;
				CLANG_WARN_BLOCK_CAPTURE_AUTORELEASING = YES;
				CLANG_WARN_BOOL_CONVERSION = YES;
				CLANG_WARN_COMMA = YES;
				CLANG_WARN_CONSTANT_CONVERSION = YES;
				CLANG_WARN_DEPRECATED_OBJC_IMPLEMENTATIONS = YES;
				CLANG_WARN_DIRECT_OBJC_ISA_USAGE = YES_ERROR;
				CLANG_WARN_DOCUMENTATION_COMMENTS = YES;
				CLANG_WARN_EMPTY_BODY = YES;
				CLANG_WARN_ENUM_CONVERSION = YES;
				CLANG_WARN_INFINITE_RECURSION = YES;
				CLANG_WARN_INT_CONVERSION = YES;
				CLANG_WARN_NON_LITERAL_NULL_CONVERSION = YES;
				CLANG_WARN_OBJC_IMPLICIT_RETAIN_SELF = YES;
				CLANG_WARN_OBJC_LITERAL_CONVERSION = YES;
				CLANG_WARN_OBJC_ROOT_CLASS = YES_ERROR;
				CLANG_WARN_QUOTED_INCLUDE_IN_FRAMEWORK_HEADER = YES;
				CLANG_WARN_RANGE_LOOP_ANALYSIS = YES;
				CLANG_WARN_STRICT_PROTOTYPES = YES;
				CLANG_WARN_SUSPICIOUS_MOVE = YES;
				CLANG_WARN_UNGUARDED_AVAILABILITY = YES_AGGRESSIVE;
				CLANG_WARN_UNREACHABLE_CODE = YES;
				CLANG_WARN__DUPLICATE_METHOD_MATCH = YES;
				COPY_PHASE_STRIP = NO;
				DEBUG_INFORMATION_FORMAT = dwarf;
				ENABLE_STRICT_OBJC_MSGSEND = YES;
				ENABLE_TESTABILITY = YES;
				GCC_C_LANGUAGE_STANDARD = gnu11;
				GCC_DYNAMIC_NO_PIC = NO;
				GCC_NO_COMMON_BLOCKS = YES;
				GCC_OPTIMIZATION_LEVEL = 0;
				GCC_PREPROCESSOR_DEFINITIONS = (
					"DEBUG=1",
					"$(inherited)",
				);
				GCC_WARN_64_TO_32_BIT_CONVERSION = YES;
				GCC_WARN_ABOUT_RETURN_TYPE = YES_ERROR;
				GCC_WARN_UNDECLARED_SELECTOR = YES;
				GCC_WARN_UNINITIALIZED_AUTOS = YES_AGGRESSIVE;
				GCC_WARN_UNUSED_FUNCTION = YES;
				GCC_WARN_UNUSED_VARIABLE = YES;
				MACOSX_DEPLOYMENT_TARGET = 11.3;
				MTL_ENABLE_DEBUG_INFO = INCLUDE_SOURCE;
				MTL_FAST_MATH = YES;
				ONLY_ACTIVE_ARCH = YES;
				SDKROOT = macosx;
			};
			name = Debug;
		};
		326A2936272DA1D70012EE6F /* Release */ = {
			isa = XCBuildConfiguration;
			buildSettings = {
				ALWAYS_SEARCH_USER_PATHS = NO;
				CLANG_ANALYZER_NONNULL = YES;
				CLANG_ANALYZER_NUMBER_OBJECT_CONVERSION = YES_AGGRESSIVE;
				CLANG_CXX_LANGUAGE_STANDARD = "gnu++17";
				CLANG_CXX_LIBRARY = "libc++";
				CLANG_ENABLE_MODULES = YES;
				CLANG_ENABLE_OBJC_ARC = YES;
				CLANG_ENABLE_OBJC_WEAK = YES;
				CLANG_WARN_BLOCK_CAPTURE_AUTORELEASING = YES;
				CLANG_WARN_BOOL_CONVERSION = YES;
				CLANG_WARN_COMMA = YES;
				CLANG_WARN_CONSTANT_CONVERSION = YES;
				CLANG_WARN_DEPRECATED_OBJC_IMPLEMENTATIONS = YES;
				CLANG_WARN_DIRECT_OBJC_ISA_USAGE = YES_ERROR;
				CLANG_WARN_DOCUMENTATION_COMMENTS = YES;
				CLANG_WARN_EMPTY_BODY = YES;
				CLANG_WARN_ENUM_CONVERSION = YES;
				CLANG_WARN_INFINITE_RECURSION = YES;
				CLANG_WARN_INT_CONVERSION = YES;
				CLANG_WARN_NON_LITERAL_NULL_CONVERSION = YES;
				CLANG_WARN_OBJC_IMPLICIT_RETAIN_SELF = YES;
				CLANG_WARN_OBJC_LITERAL_CONVERSION = YES;
				CLANG_WARN_OBJC_ROOT_CLASS = YES_ERROR;
				CLANG_WARN_QUOTED_INCLUDE_IN_FRAMEWORK_HEADER = YES;
				CLANG_WARN_RANGE_LOOP_ANALYSIS = YES;
				CLANG_WARN_STRICT_PROTOTYPES = YES;
				CLANG_WARN_SUSPICIOUS_MOVE = YES;
				CLANG_WARN_UNGUARDED_AVAILABILITY = YES_AGGRESSIVE;
				CLANG_WARN_UNREACHABLE_CODE = YES;
				CLANG_WARN__DUPLICATE_METHOD_MATCH = YES;
				COPY_PHASE_STRIP = NO;
				DEBUG_INFORMATION_FORMAT = "dwarf-with-dsym";
				ENABLE_NS_ASSERTIONS = NO;
				ENABLE_STRICT_OBJC_MSGSEND = YES;
				GCC_C_LANGUAGE_STANDARD = gnu11;
				GCC_NO_COMMON_BLOCKS = YES;
				GCC_WARN_64_TO_32_BIT_CONVERSION = YES;
				GCC_WARN_ABOUT_RETURN_TYPE = YES_ERROR;
				GCC_WARN_UNDECLARED_SELECTOR = YES;
				GCC_WARN_UNINITIALIZED_AUTOS = YES_AGGRESSIVE;
				GCC_WARN_UNUSED_FUNCTION = YES;
				GCC_WARN_UNUSED_VARIABLE = YES;
				MACOSX_DEPLOYMENT_TARGET = 11.3;
				MTL_ENABLE_DEBUG_INFO = NO;
				MTL_FAST_MATH = YES;
				SDKROOT = macosx;
			};
			name = Release;
		};
		326A2938272DA1D70012EE6F /* Debug */ = {
			isa = XCBuildConfiguration;
			buildSettings = {
				CODE_SIGN_STYLE = Automatic;
				DEVELOPMENT_TEAM = B6J9G6DR26;
				ENABLE_HARDENED_RUNTIME = YES;
				PRODUCT_NAME = "$(TARGET_NAME)";
			};
			name = Debug;
		};
		326A2939272DA1D70012EE6F /* Release */ = {
			isa = XCBuildConfiguration;
			buildSettings = {
				CODE_SIGN_STYLE = Automatic;
				DEVELOPMENT_TEAM = B6J9G6DR26;
				ENABLE_HARDENED_RUNTIME = YES;
				PRODUCT_NAME = "$(TARGET_NAME)";
			};
			name = Release;
		};
/* End XCBuildConfiguration section */

/* Begin XCConfigurationList section */
		326A292B272DA1D70012EE6F /* Build configuration list for PBXProject "adressBook" */ = {
			isa = XCConfigurationList;
			buildConfigurations = (
				326A2935272DA1D70012EE6F /* Debug */,
				326A2936272DA1D70012EE6F /* Release */,
			);
			defaultConfigurationIsVisible = 0;
			defaultConfigurationName = Release;
		};
		326A2937272DA1D70012EE6F /* Build configuration list for PBXNativeTarget "adressBook" */ = {
			isa = XCConfigurationList;
			buildConfigurations = (
				326A2938272DA1D70012EE6F /* Debug */,
				326A2939272DA1D70012EE6F /* Release */,
			);
			defaultConfigurationIsVisible = 0;
			defaultConfigurationName = Release;
		};
/* End XCConfigurationList section */
	};
	rootObject = 326A2928272DA1D70012EE6F /* Project object */;
}
